
Microsoft Visual Studio Solution File, Format Version 12.00
# Visual Studio Version 17
VisualStudioVersion = 17.4.33213.308
MinimumVisualStudioVersion = 10.0.40219.1
Project("{9A19103F-16F7-4668-BE54-9A1E7A4F7556}") = "DDD.Domain", "src\DDD.Domain\DDD.Domain.csproj", "{928CAFDD-F264-43A2-82E9-E60B397D6FED}"
EndProject
Project("{9A19103F-16F7-4668-BE54-9A1E7A4F7556}") = "DDD.Tests", "tests\DDD.Tests\DDD.Tests.csproj", "{552D1C68-6FDC-476E-80C7-DFD26CC30B3E}"
EndProject
Project("{9A19103F-16F7-4668-BE54-9A1E7A4F7556}") = "DDD.Application", "src\DDD.Application\DDD.Application.csproj", "{AB647616-7D57-4A64-BFE4-4873BAD0188B}"
EndProject
Project("{2150E333-8FDC-42A3-9474-1A3956D46DE8}") = "src", "src", "{CF4655FF-4C70-4FE9-9A20-F77C1F94D459}"
EndProject
Project("{2150E333-8FDC-42A3-9474-1A3956D46DE8}") = ".github", ".github", "{6EBB0BFD-A124-465C-BDF8-6B124620BF44}"
EndProject
Project("{2150E333-8FDC-42A3-9474-1A3956D46DE8}") = "workflows", "workflows", "{791A0A0C-AF68-4106-8E12-408B962E6828}"
	ProjectSection(SolutionItems) = preProject
		build-test-reusable.yml = build-test-reusable.yml
		build-test.yml = build-test.yml
		.github\workflows\deploy-nuget.yml = .github\workflows\deploy-nuget.yml
		.github\workflows\versioning-build-test.yml = .github\workflows\versioning-build-test.yml
	EndProjectSection
EndProject
Project("{2150E333-8FDC-42A3-9474-1A3956D46DE8}") = "tests", "tests", "{8E7F0AC5-8329-4B67-9D31-304640EEC311}"
EndProject
Project("{9A19103F-16F7-4668-BE54-9A1E7A4F7556}") = "DDD.Domain.Events.MediatR", "src\DDD.Domain.Events.MediatR\DDD.Domain.Events.MediatR.csproj", "{B5BE87EE-6AD0-403D-83C4-4F4E41D80CCA}"
EndProject
Project("{FAE04EC0-301F-11D3-BF4B-00C04F79EFBC}") = "DDD.Domain.Validation.AspNetCore", "src\DDD.Domain.Validation.AspNetCore\DDD.Domain.Validation.AspNetCore.csproj", "{43578889-6EB9-49AE-8F35-F3A0E9CC3E2C}"
EndProject
Project("{FAE04EC0-301F-11D3-BF4B-00C04F79EFBC}") = "DDD.Domain.Validation", "src\DDD.Domain.Validation\DDD.Domain.Validation.csproj", "{2D6EA90F-F4EB-4DC0-AEBA-3427495C423B}"
EndProject
Global
	GlobalSection(SolutionConfigurationPlatforms) = preSolution
		Debug|Any CPU = Debug|Any CPU
		Release|Any CPU = Release|Any CPU
	EndGlobalSection
	GlobalSection(ProjectConfigurationPlatforms) = postSolution
		{928CAFDD-F264-43A2-82E9-E60B397D6FED}.Debug|Any CPU.ActiveCfg = Debug|Any CPU
		{928CAFDD-F264-43A2-82E9-E60B397D6FED}.Debug|Any CPU.Build.0 = Debug|Any CPU
		{928CAFDD-F264-43A2-82E9-E60B397D6FED}.Release|Any CPU.ActiveCfg = Release|Any CPU
		{928CAFDD-F264-43A2-82E9-E60B397D6FED}.Release|Any CPU.Build.0 = Release|Any CPU
		{552D1C68-6FDC-476E-80C7-DFD26CC30B3E}.Debug|Any CPU.ActiveCfg = Debug|Any CPU
		{552D1C68-6FDC-476E-80C7-DFD26CC30B3E}.Debug|Any CPU.Build.0 = Debug|Any CPU
		{552D1C68-6FDC-476E-80C7-DFD26CC30B3E}.Release|Any CPU.ActiveCfg = Release|Any CPU
		{552D1C68-6FDC-476E-80C7-DFD26CC30B3E}.Release|Any CPU.Build.0 = Release|Any CPU
		{AB647616-7D57-4A64-BFE4-4873BAD0188B}.Debug|Any CPU.ActiveCfg = Debug|Any CPU
		{AB647616-7D57-4A64-BFE4-4873BAD0188B}.Debug|Any CPU.Build.0 = Debug|Any CPU
		{AB647616-7D57-4A64-BFE4-4873BAD0188B}.Release|Any CPU.ActiveCfg = Release|Any CPU
		{AB647616-7D57-4A64-BFE4-4873BAD0188B}.Release|Any CPU.Build.0 = Release|Any CPU
		{B5BE87EE-6AD0-403D-83C4-4F4E41D80CCA}.Debug|Any CPU.ActiveCfg = Debug|Any CPU
		{B5BE87EE-6AD0-403D-83C4-4F4E41D80CCA}.Debug|Any CPU.Build.0 = Debug|Any CPU
		{B5BE87EE-6AD0-403D-83C4-4F4E41D80CCA}.Release|Any CPU.ActiveCfg = Release|Any CPU
		{B5BE87EE-6AD0-403D-83C4-4F4E41D80CCA}.Release|Any CPU.Build.0 = Release|Any CPU
		{43578889-6EB9-49AE-8F35-F3A0E9CC3E2C}.Debug|Any CPU.ActiveCfg = Debug|Any CPU
		{43578889-6EB9-49AE-8F35-F3A0E9CC3E2C}.Debug|Any CPU.Build.0 = Debug|Any CPU
		{43578889-6EB9-49AE-8F35-F3A0E9CC3E2C}.Release|Any CPU.ActiveCfg = Release|Any CPU
		{43578889-6EB9-49AE-8F35-F3A0E9CC3E2C}.Release|Any CPU.Build.0 = Release|Any CPU
		{2D6EA90F-F4EB-4DC0-AEBA-3427495C423B}.Debug|Any CPU.ActiveCfg = Debug|Any CPU
		{2D6EA90F-F4EB-4DC0-AEBA-3427495C423B}.Debug|Any CPU.Build.0 = Debug|Any CPU
		{2D6EA90F-F4EB-4DC0-AEBA-3427495C423B}.Release|Any CPU.ActiveCfg = Release|Any CPU
		{2D6EA90F-F4EB-4DC0-AEBA-3427495C423B}.Release|Any CPU.Build.0 = Release|Any CPU
	EndGlobalSection
	GlobalSection(SolutionProperties) = preSolution
		HideSolutionNode = FALSE
	EndGlobalSection
	GlobalSection(NestedProjects) = preSolution
		{928CAFDD-F264-43A2-82E9-E60B397D6FED} = {CF4655FF-4C70-4FE9-9A20-F77C1F94D459}
		{552D1C68-6FDC-476E-80C7-DFD26CC30B3E} = {8E7F0AC5-8329-4B67-9D31-304640EEC311}
		{AB647616-7D57-4A64-BFE4-4873BAD0188B} = {CF4655FF-4C70-4FE9-9A20-F77C1F94D459}
		{791A0A0C-AF68-4106-8E12-408B962E6828} = {6EBB0BFD-A124-465C-BDF8-6B124620BF44}
		{B5BE87EE-6AD0-403D-83C4-4F4E41D80CCA} = {CF4655FF-4C70-4FE9-9A20-F77C1F94D459}
		{43578889-6EB9-49AE-8F35-F3A0E9CC3E2C} = {CF4655FF-4C70-4FE9-9A20-F77C1F94D459}
		{2D6EA90F-F4EB-4DC0-AEBA-3427495C423B} = {CF4655FF-4C70-4FE9-9A20-F77C1F94D459}
	EndGlobalSection
	GlobalSection(ExtensibilityGlobals) = postSolution
		SolutionGuid = {54DB9BFD-2243-400D-A850-7C656EB075B0}
	EndGlobalSection
EndGlobal
